
Microsoft Visual Studio Solution File, Format Version 12.00
# Visual Studio Version 17
VisualStudioVersion = 17.4.33403.182
MinimumVisualStudioVersion = 10.0.40219.1
Project("{9A19103F-16F7-4668-BE54-9A1E7A4F7556}") = "ContactWriter", "AtributeLesson\ContactWriter.csproj", "{35E77D9E-3753-47FE-86E0-EAC64023C1DB}"
EndProject
Project("{FAE04EC0-301F-11D3-BF4B-00C04F79EFBC}") = "ContactWriter.Test", "ContactWriter.Test\ContactWriter.Test.csproj", "{070CE8A4-208C-4975-83C2-AE6399017DDB}"
EndProject
Global
	GlobalSection(SolutionConfigurationPlatforms) = preSolution
		Debug|Any CPU = Debug|Any CPU
		EXTRA|Any CPU = EXTRA|Any CPU
		Release|Any CPU = Release|Any CPU
	EndGlobalSection
	GlobalSection(ProjectConfigurationPlatforms) = postSolution
		{35E77D9E-3753-47FE-86E0-EAC64023C1DB}.Debug|Any CPU.ActiveCfg = Debug|Any CPU
		{35E77D9E-3753-47FE-86E0-EAC64023C1DB}.Debug|Any CPU.Build.0 = Debug|Any CPU
		{35E77D9E-3753-47FE-86E0-EAC64023C1DB}.EXTRA|Any CPU.ActiveCfg = EXTRA|Any CPU
		{35E77D9E-3753-47FE-86E0-EAC64023C1DB}.EXTRA|Any CPU.Build.0 = EXTRA|Any CPU
		{35E77D9E-3753-47FE-86E0-EAC64023C1DB}.Release|Any CPU.ActiveCfg = Release|Any CPU
		{35E77D9E-3753-47FE-86E0-EAC64023C1DB}.Release|Any CPU.Build.0 = Release|Any CPU
		{070CE8A4-208C-4975-83C2-AE6399017DDB}.Debug|Any CPU.ActiveCfg = Debug|Any CPU
		{070CE8A4-208C-4975-83C2-AE6399017DDB}.Debug|Any CPU.Build.0 = Debug|Any CPU
		{070CE8A4-208C-4975-83C2-AE6399017DDB}.EXTRA|Any CPU.ActiveCfg = Debug|Any CPU
		{070CE8A4-208C-4975-83C2-AE6399017DDB}.EXTRA|Any CPU.Build.0 = Debug|Any CPU
		{070CE8A4-208C-4975-83C2-AE6399017DDB}.Release|Any CPU.ActiveCfg = Release|Any CPU
		{070CE8A4-208C-4975-83C2-AE6399017DDB}.Release|Any CPU.Build.0 = Release|Any CPU
	EndGlobalSection
	GlobalSection(SolutionProperties) = preSolution
		HideSolutionNode = FALSE
	EndGlobalSection
	GlobalSection(ExtensibilityGlobals) = postSolution
		SolutionGuid = {CC85B1EE-F4AD-44B9-843A-BA303EEFC7C1}
	EndGlobalSection
EndGlobal
